
Microsoft Visual Studio Solution File, Format Version 12.00
# Visual Studio 15
VisualStudioVersion = 15.0.28010.2048
MinimumVisualStudioVersion = 10.0.40219.1
Project("{8BC9CEB8-8B4A-11D0-8D11-00A0C91BC942}") = "hello_world", "hello_world\hello_world.vcxproj", "{9B08C87E-AA59-47A8-B2EE-BBE0B9A0BF2C}"
EndProject
Global
	GlobalSection(SolutionConfigurationPlatforms) = preSolution
		Debug|x64 = Debug|x64
		Debug|x86 = Debug|x86
		Release|x64 = Release|x64
		Release|x86 = Release|x86
	EndGlobalSection
	GlobalSection(ProjectConfigurationPlatforms) = postSolution
		{9B08C87E-AA59-47A8-B2EE-BBE0B9A0BF2C}.Debug|x64.ActiveCfg = Debug|x64
		{9B08C87E-AA59-47A8-B2EE-BBE0B9A0BF2C}.Debug|x64.Build.0 = Debug|x64
		{9B08C87E-AA59-47A8-B2EE-BBE0B9A0BF2C}.Debug|x86.ActiveCfg = Debug|Win32
		{9B08C87E-AA59-47A8-B2EE-BBE0B9A0BF2C}.Debug|x86.Build.0 = Debug|Win32
		{9B08C87E-AA59-47A8-B2EE-BBE0B9A0BF2C}.Release|x64.ActiveCfg = Release|x64
		{9B08C87E-AA59-47A8-B2EE-BBE0B9A0BF2C}.Release|x64.Build.0 = Release|x64
		{9B08C87E-AA59-47A8-B2EE-BBE0B9A0BF2C}.Release|x86.ActiveCfg = Release|Win32
		{9B08C87E-AA59-47A8-B2EE-BBE0B9A0BF2C}.Release|x86.Build.0 = Release|Win32
	EndGlobalSection
	GlobalSection(SolutionProperties) = preSolution
		HideSolutionNode = FALSE
	EndGlobalSection
	GlobalSection(ExtensibilityGlobals) = postSolution
		SolutionGuid = {B5D2349D-37BE-4E54-8948-587FAEC11636}
	EndGlobalSection
EndGlobal
